
Microsoft Visual Studio Solution File, Format Version 12.00
# Visual Studio 15
VisualStudioVersion = 15.0.28307.1705
MinimumVisualStudioVersion = 10.0.40219.1
Project("{FAE04EC0-301F-11D3-BF4B-00C04F79EFBC}") = "prog6.1form", "prog6.1form\prog6.1form.csproj", "{5C849979-336F-4835-B155-648F2D54C5E0}"
EndProject
Global
	GlobalSection(SolutionConfigurationPlatforms) = preSolution
		Debug|Any CPU = Debug|Any CPU
		Release|Any CPU = Release|Any CPU
	EndGlobalSection
	GlobalSection(ProjectConfigurationPlatforms) = postSolution
		{5C849979-336F-4835-B155-648F2D54C5E0}.Debug|Any CPU.ActiveCfg = Debug|Any CPU
		{5C849979-336F-4835-B155-648F2D54C5E0}.Debug|Any CPU.Build.0 = Debug|Any CPU
		{5C849979-336F-4835-B155-648F2D54C5E0}.Release|Any CPU.ActiveCfg = Release|Any CPU
		{5C849979-336F-4835-B155-648F2D54C5E0}.Release|Any CPU.Build.0 = Release|Any CPU
	EndGlobalSection
	GlobalSection(SolutionProperties) = preSolution
		HideSolutionNode = FALSE
	EndGlobalSection
	GlobalSection(ExtensibilityGlobals) = postSolution
		SolutionGuid = {A72139B7-FEFF-4765-A32B-1B9FC6547C0A}
	EndGlobalSection
EndGlobal
