
Microsoft Visual Studio Solution File, Format Version 12.00
# Visual Studio 15
VisualStudioVersion = 15.0.28307.1705
MinimumVisualStudioVersion = 10.0.40219.1
Project("{FAE04EC0-301F-11D3-BF4B-00C04F79EFBC}") = "prog6.2form", "prog6.2form\prog6.2form.csproj", "{2A3AE557-C0F7-4E8A-84D6-95E2FC80BA44}"
EndProject
Global
	GlobalSection(SolutionConfigurationPlatforms) = preSolution
		Debug|Any CPU = Debug|Any CPU
		Release|Any CPU = Release|Any CPU
	EndGlobalSection
	GlobalSection(ProjectConfigurationPlatforms) = postSolution
		{2A3AE557-C0F7-4E8A-84D6-95E2FC80BA44}.Debug|Any CPU.ActiveCfg = Debug|Any CPU
		{2A3AE557-C0F7-4E8A-84D6-95E2FC80BA44}.Debug|Any CPU.Build.0 = Debug|Any CPU
		{2A3AE557-C0F7-4E8A-84D6-95E2FC80BA44}.Release|Any CPU.ActiveCfg = Release|Any CPU
		{2A3AE557-C0F7-4E8A-84D6-95E2FC80BA44}.Release|Any CPU.Build.0 = Release|Any CPU
	EndGlobalSection
	GlobalSection(SolutionProperties) = preSolution
		HideSolutionNode = FALSE
	EndGlobalSection
	GlobalSection(ExtensibilityGlobals) = postSolution
		SolutionGuid = {3295D8CD-A0F8-4067-A041-F16A70D5057F}
	EndGlobalSection
EndGlobal
